// !$*UTF8*$!
{
	archiveVersion = 1;
	classes = {
	};
	objectVersion = 46;
	objects = {

/* Begin PBXBuildFile section */
		E2876DB219534A0900BB890F /* Foundation.framework in Frameworks */ = {isa = PBXBuildFile; fileRef = E2876DB119534A0900BB890F /* Foundation.framework */; };
		E2876DB419534A0900BB890F /* CoreGraphics.framework in Frameworks */ = {isa = PBXBuildFile; fileRef = E2876DB319534A0900BB890F /* CoreGraphics.framework */; };
		E2876DB619534A0900BB890F /* UIKit.framework in Frameworks */ = {isa = PBXBuildFile; fileRef = E2876DB519534A0900BB890F /* UIKit.framework */; };
		E2876DBC19534A0900BB890F /* InfoPlist.strings in Resources */ = {isa = PBXBuildFile; fileRef = E2876DBA19534A0900BB890F /* InfoPlist.strings */; };
		E2876DBE19534A0900BB890F /* main.m in Sources */ = {isa = PBXBuildFile; fileRef = E2876DBD19534A0900BB890F /* main.m */; };
		E2876DC219534A0900BB890F /* AppDelegate.m in Sources */ = {isa = PBXBuildFile; fileRef = E2876DC119534A0900BB890F /* AppDelegate.m */; };
		E2876DC419534A0900BB890F /* Images.xcassets in Resources */ = {isa = PBXBuildFile; fileRef = E2876DC319534A0900BB890F /* Images.xcassets */; };
		E2876DCB19534A0900BB890F /* XCTest.framework in Frameworks */ = {isa = PBXBuildFile; fileRef = E2876DCA19534A0900BB890F /* XCTest.framework */; };
		E2876DCC19534A0900BB890F /* Foundation.framework in Frameworks */ = {isa = PBXBuildFile; fileRef = E2876DB119534A0900BB890F /* Foundation.framework */; };
		E2876DCD19534A0900BB890F /* UIKit.framework in Frameworks */ = {isa = PBXBuildFile; fileRef = E2876DB519534A0900BB890F /* UIKit.framework */; };
		E2876DD519534A0900BB890F /* InfoPlist.strings in Resources */ = {isa = PBXBuildFile; fileRef = E2876DD319534A0900BB890F /* InfoPlist.strings */; };
		E2876DD719534A0900BB890F /* FBPostTests.m in Sources */ = {isa = PBXBuildFile; fileRef = E2876DD619534A0900BB890F /* FBPostTests.m */; };
		E2876DE319534A2E00BB890F /* PostViewController.m in Sources */ = {isa = PBXBuildFile; fileRef = E2876DE119534A2E00BB890F /* PostViewController.m */; };
		E2876DE419534A2E00BB890F /* PostViewController.xib in Resources */ = {isa = PBXBuildFile; fileRef = E2876DE219534A2E00BB890F /* PostViewController.xib */; };
		E2876DE919536B6C00BB890F /* TestViewController.m in Sources */ = {isa = PBXBuildFile; fileRef = E2876DE719536B6C00BB890F /* TestViewController.m */; };
		E2876DEA19536B6C00BB890F /* TestViewController.xib in Resources */ = {isa = PBXBuildFile; fileRef = E2876DE819536B6C00BB890F /* TestViewController.xib */; };
		E2FA9ABD1958ECEF0022507B /* TTTAttributedLabel.m in Sources */ = {isa = PBXBuildFile; fileRef = E2FA9ABC1958ECEF0022507B /* TTTAttributedLabel.m */; };
/* End PBXBuildFile section */

/* Begin PBXContainerItemProxy section */
		E2876DCE19534A0900BB890F /* PBXContainerItemProxy */ = {
			isa = PBXContainerItemProxy;
			containerPortal = E2876DA619534A0900BB890F /* Project object */;
			proxyType = 1;
			remoteGlobalIDString = E2876DAD19534A0900BB890F;
			remoteInfo = FBPost;
		};
/* End PBXContainerItemProxy section */

/* Begin PBXFileReference section */
		E2876DAE19534A0900BB890F /* FBPost.app */ = {isa = PBXFileReference; explicitFileType = wrapper.application; includeInIndex = 0; path = FBPost.app; sourceTree = BUILT_PRODUCTS_DIR; };
		E2876DB119534A0900BB890F /* Foundation.framework */ = {isa = PBXFileReference; lastKnownFileType = wrapper.framework; name = Foundation.framework; path = System/Library/Frameworks/Foundation.framework; sourceTree = SDKROOT; };
		E2876DB319534A0900BB890F /* CoreGraphics.framework */ = {isa = PBXFileReference; lastKnownFileType = wrapper.framework; name = CoreGraphics.framework; path = System/Library/Frameworks/CoreGraphics.framework; sourceTree = SDKROOT; };
		E2876DB519534A0900BB890F /* UIKit.framework */ = {isa = PBXFileReference; lastKnownFileType = wrapper.framework; name = UIKit.framework; path = System/Library/Frameworks/UIKit.framework; sourceTree = SDKROOT; };
		E2876DB919534A0900BB890F /* FBPost-Info.plist */ = {isa = PBXFileReference; lastKnownFileType = text.plist.xml; path = "FBPost-Info.plist"; sourceTree = "<group>"; };
		E2876DBB19534A0900BB890F /* en */ = {isa = PBXFileReference; lastKnownFileType = text.plist.strings; name = en; path = en.lproj/InfoPlist.strings; sourceTree = "<group>"; };
		E2876DBD19534A0900BB890F /* main.m */ = {isa = PBXFileReference; lastKnownFileType = sourcecode.c.objc; path = main.m; sourceTree = "<group>"; };
		E2876DBF19534A0900BB890F /* FBPost-Prefix.pch */ = {isa = PBXFileReference; lastKnownFileType = sourcecode.c.h; path = "FBPost-Prefix.pch"; sourceTree = "<group>"; };
		E2876DC019534A0900BB890F /* AppDelegate.h */ = {isa = PBXFileReference; lastKnownFileType = sourcecode.c.h; path = AppDelegate.h; sourceTree = "<group>"; };
		E2876DC119534A0900BB890F /* AppDelegate.m */ = {isa = PBXFileReference; lastKnownFileType = sourcecode.c.objc; path = AppDelegate.m; sourceTree = "<group>"; };
		E2876DC319534A0900BB890F /* Images.xcassets */ = {isa = PBXFileReference; lastKnownFileType = folder.assetcatalog; path = Images.xcassets; sourceTree = "<group>"; };
		E2876DC919534A0900BB890F /* FBPostTests.xctest */ = {isa = PBXFileReference; explicitFileType = wrapper.cfbundle; includeInIndex = 0; path = FBPostTests.xctest; sourceTree = BUILT_PRODUCTS_DIR; };
		E2876DCA19534A0900BB890F /* XCTest.framework */ = {isa = PBXFileReference; lastKnownFileType = wrapper.framework; name = XCTest.framework; path = Library/Frameworks/XCTest.framework; sourceTree = DEVELOPER_DIR; };
		E2876DD219534A0900BB890F /* FBPostTests-Info.plist */ = {isa = PBXFileReference; lastKnownFileType = text.plist.xml; path = "FBPostTests-Info.plist"; sourceTree = "<group>"; };
		E2876DD419534A0900BB890F /* en */ = {isa = PBXFileReference; lastKnownFileType = text.plist.strings; name = en; path = en.lproj/InfoPlist.strings; sourceTree = "<group>"; };
		E2876DD619534A0900BB890F /* FBPostTests.m */ = {isa = PBXFileReference; lastKnownFileType = sourcecode.c.objc; path = FBPostTests.m; sourceTree = "<group>"; };
		E2876DE019534A2E00BB890F /* PostViewController.h */ = {isa = PBXFileReference; fileEncoding = 4; lastKnownFileType = sourcecode.c.h; name = PostViewController.h; path = ../PostViewController.h; sourceTree = "<group>"; };
		E2876DE119534A2E00BB890F /* PostViewController.m */ = {isa = PBXFileReference; fileEncoding = 4; lastKnownFileType = sourcecode.c.objc; name = PostViewController.m; path = ../PostViewController.m; sourceTree = "<group>"; };
		E2876DE219534A2E00BB890F /* PostViewController.xib */ = {isa = PBXFileReference; fileEncoding = 4; lastKnownFileType = file.xib; name = PostViewController.xib; path = ../PostViewController.xib; sourceTree = "<group>"; };
		E2876DE619536B6C00BB890F /* TestViewController.h */ = {isa = PBXFileReference; fileEncoding = 4; lastKnownFileType = sourcecode.c.h; path = TestViewController.h; sourceTree = "<group>"; };
		E2876DE719536B6C00BB890F /* TestViewController.m */ = {isa = PBXFileReference; fileEncoding = 4; lastKnownFileType = sourcecode.c.objc; path = TestViewController.m; sourceTree = "<group>"; };
		E2876DE819536B6C00BB890F /* TestViewController.xib */ = {isa = PBXFileReference; fileEncoding = 4; lastKnownFileType = file.xib; path = TestViewController.xib; sourceTree = "<group>"; };
		E2FA9ABC1958ECEF0022507B /* TTTAttributedLabel.m */ = {isa = PBXFileReference; fileEncoding = 4; lastKnownFileType = sourcecode.c.objc; name = TTTAttributedLabel.m; path = "../../Downloads/TTTAttributedLabel-master/TTTAttributedLabel/TTTAttributedLabel.m"; sourceTree = "<group>"; };
		E2FA9ABF1958ED170022507B /* TTTAttributedLabel.h */ = {isa = PBXFileReference; lastKnownFileType = sourcecode.c.h; name = TTTAttributedLabel.h; path = "../../Downloads/TTTAttributedLabel-master/TTTAttributedLabel/TTTAttributedLabel.h"; sourceTree = "<group>"; };
/* End PBXFileReference section */

/* Begin PBXFrameworksBuildPhase section */
		E2876DAB19534A0900BB890F /* Frameworks */ = {
			isa = PBXFrameworksBuildPhase;
			buildActionMask = 2147483647;
			files = (
				E2876DB419534A0900BB890F /* CoreGraphics.framework in Frameworks */,
				E2876DB619534A0900BB890F /* UIKit.framework in Frameworks */,
				E2876DB219534A0900BB890F /* Foundation.framework in Frameworks */,
			);
			runOnlyForDeploymentPostprocessing = 0;
		};
		E2876DC619534A0900BB890F /* Frameworks */ = {
			isa = PBXFrameworksBuildPhase;
			buildActionMask = 2147483647;
			files = (
				E2876DCB19534A0900BB890F /* XCTest.framework in Frameworks */,
				E2876DCD19534A0900BB890F /* UIKit.framework in Frameworks */,
				E2876DCC19534A0900BB890F /* Foundation.framework in Frameworks */,
			);
			runOnlyForDeploymentPostprocessing = 0;
		};
/* End PBXFrameworksBuildPhase section */

/* Begin PBXGroup section */
		E2876DA519534A0900BB890F = {
			isa = PBXGroup;
			children = (
				E2876DB719534A0900BB890F /* FBPost */,
				E2876DD019534A0900BB890F /* FBPostTests */,
				E2FA9ABE1958ECF70022507B /* Vendor */,
				E2876DB019534A0900BB890F /* Frameworks */,
				E2876DAF19534A0900BB890F /* Products */,
			);
			sourceTree = "<group>";
		};
		E2876DAF19534A0900BB890F /* Products */ = {
			isa = PBXGroup;
			children = (
				E2876DAE19534A0900BB890F /* FBPost.app */,
				E2876DC919534A0900BB890F /* FBPostTests.xctest */,
			);
			name = Products;
			sourceTree = "<group>";
		};
		E2876DB019534A0900BB890F /* Frameworks */ = {
			isa = PBXGroup;
			children = (
				E2876DB119534A0900BB890F /* Foundation.framework */,
				E2876DB319534A0900BB890F /* CoreGraphics.framework */,
				E2876DB519534A0900BB890F /* UIKit.framework */,
				E2876DCA19534A0900BB890F /* XCTest.framework */,
			);
			name = Frameworks;
			sourceTree = "<group>";
		};
		E2876DB719534A0900BB890F /* FBPost */ = {
			isa = PBXGroup;
			children = (
				E2876DC019534A0900BB890F /* AppDelegate.h */,
				E2876DC119534A0900BB890F /* AppDelegate.m */,
				E2876DC319534A0900BB890F /* Images.xcassets */,
				E2876DE519534A3300BB890F /* ViewControllers */,
				E2876DB819534A0900BB890F /* Supporting Files */,
			);
			path = FBPost;
			sourceTree = "<group>";
		};
		E2876DB819534A0900BB890F /* Supporting Files */ = {
			isa = PBXGroup;
			children = (
				E2876DB919534A0900BB890F /* FBPost-Info.plist */,
				E2876DBA19534A0900BB890F /* InfoPlist.strings */,
				E2876DBD19534A0900BB890F /* main.m */,
				E2876DBF19534A0900BB890F /* FBPost-Prefix.pch */,
			);
			name = "Supporting Files";
			sourceTree = "<group>";
		};
		E2876DD019534A0900BB890F /* FBPostTests */ = {
			isa = PBXGroup;
			children = (
				E2876DD619534A0900BB890F /* FBPostTests.m */,
				E2876DD119534A0900BB890F /* Supporting Files */,
			);
			path = FBPostTests;
			sourceTree = "<group>";
		};
		E2876DD119534A0900BB890F /* Supporting Files */ = {
			isa = PBXGroup;
			children = (
				E2876DD219534A0900BB890F /* FBPostTests-Info.plist */,
				E2876DD319534A0900BB890F /* InfoPlist.strings */,
			);
			name = "Supporting Files";
			sourceTree = "<group>";
		};
		E2876DE519534A3300BB890F /* ViewControllers */ = {
			isa = PBXGroup;
			children = (
				E2876DE019534A2E00BB890F /* PostViewController.h */,
				E2876DE119534A2E00BB890F /* PostViewController.m */,
				E2876DE219534A2E00BB890F /* PostViewController.xib */,
				E2876DE619536B6C00BB890F /* TestViewController.h */,
				E2876DE719536B6C00BB890F /* TestViewController.m */,
				E2876DE819536B6C00BB890F /* TestViewController.xib */,
			);
			name = ViewControllers;
			sourceTree = "<group>";
		};
		E2FA9ABE1958ECF70022507B /* Vendor */ = {
			isa = PBXGroup;
			children = (
				E2FA9AC01958ED210022507B /* TTAttributedLabel */,
			);
			name = Vendor;
			sourceTree = "<group>";
		};
		E2FA9AC01958ED210022507B /* TTAttributedLabel */ = {
			isa = PBXGroup;
			children = (
				E2FA9ABF1958ED170022507B /* TTTAttributedLabel.h */,
				E2FA9ABC1958ECEF0022507B /* TTTAttributedLabel.m */,
			);
			name = TTAttributedLabel;
			sourceTree = "<group>";
		};
/* End PBXGroup section */

/* Begin PBXNativeTarget section */
		E2876DAD19534A0900BB890F /* FBPost */ = {
			isa = PBXNativeTarget;
			buildConfigurationList = E2876DDA19534A0900BB890F /* Build configuration list for PBXNativeTarget "FBPost" */;
			buildPhases = (
				E2876DAA19534A0900BB890F /* Sources */,
				E2876DAB19534A0900BB890F /* Frameworks */,
				E2876DAC19534A0900BB890F /* Resources */,
			);
			buildRules = (
			);
			dependencies = (
			);
			name = FBPost;
			productName = FBPost;
			productReference = E2876DAE19534A0900BB890F /* FBPost.app */;
			productType = "com.apple.product-type.application";
		};
		E2876DC819534A0900BB890F /* FBPostTests */ = {
			isa = PBXNativeTarget;
			buildConfigurationList = E2876DDD19534A0900BB890F /* Build configuration list for PBXNativeTarget "FBPostTests" */;
			buildPhases = (
				E2876DC519534A0900BB890F /* Sources */,
				E2876DC619534A0900BB890F /* Frameworks */,
				E2876DC719534A0900BB890F /* Resources */,
			);
			buildRules = (
			);
			dependencies = (
				E2876DCF19534A0900BB890F /* PBXTargetDependency */,
			);
			name = FBPostTests;
			productName = FBPostTests;
			productReference = E2876DC919534A0900BB890F /* FBPostTests.xctest */;
			productType = "com.apple.product-type.bundle.unit-test";
		};
/* End PBXNativeTarget section */

/* Begin PBXProject section */
		E2876DA619534A0900BB890F /* Project object */ = {
			isa = PBXProject;
			attributes = {
				LastUpgradeCheck = 0510;
				ORGANIZATIONNAME = Google;
				TargetAttributes = {
					E2876DC819534A0900BB890F = {
						TestTargetID = E2876DAD19534A0900BB890F;
					};
				};
			};
			buildConfigurationList = E2876DA919534A0900BB890F /* Build configuration list for PBXProject "FBPost" */;
			compatibilityVersion = "Xcode 3.2";
			developmentRegion = English;
			hasScannedForEncodings = 0;
			knownRegions = (
				en,
			);
			mainGroup = E2876DA519534A0900BB890F;
			productRefGroup = E2876DAF19534A0900BB890F /* Products */;
			projectDirPath = "";
			projectRoot = "";
			targets = (
				E2876DAD19534A0900BB890F /* FBPost */,
				E2876DC819534A0900BB890F /* FBPostTests */,
			);
		};
/* End PBXProject section */

/* Begin PBXResourcesBuildPhase section */
		E2876DAC19534A0900BB890F /* Resources */ = {
			isa = PBXResourcesBuildPhase;
			buildActionMask = 2147483647;
			files = (
				E2876DBC19534A0900BB890F /* InfoPlist.strings in Resources */,
				E2876DC419534A0900BB890F /* Images.xcassets in Resources */,
				E2876DEA19536B6C00BB890F /* TestViewController.xib in Resources */,
				E2876DE419534A2E00BB890F /* PostViewController.xib in Resources */,
			);
			runOnlyForDeploymentPostprocessing = 0;
		};
		E2876DC719534A0900BB890F /* Resources */ = {
			isa = PBXResourcesBuildPhase;
			buildActionMask = 2147483647;
			files = (
				E2876DD519534A0900BB890F /* InfoPlist.strings in Resources */,
			);
			runOnlyForDeploymentPostprocessing = 0;
		};
/* End PBXResourcesBuildPhase section */

/* Begin PBXSourcesBuildPhase section */
		E2876DAA19534A0900BB890F /* Sources */ = {
			isa = PBXSourcesBuildPhase;
			buildActionMask = 2147483647;
			files = (
				E2876DC219534A0900BB890F /* AppDelegate.m in Sources */,
				E2876DBE19534A0900BB890F /* main.m in Sources */,
				E2876DE919536B6C00BB890F /* TestViewController.m in Sources */,
				E2876DE319534A2E00BB890F /* PostViewController.m in Sources */,
				E2FA9ABD1958ECEF0022507B /* TTTAttributedLabel.m in Sources */,
			);
			runOnlyForDeploymentPostprocessing = 0;
		};
		E2876DC519534A0900BB890F /* Sources */ = {
			isa = PBXSourcesBuildPhase;
			buildActionMask = 2147483647;
			files = (
				E2876DD719534A0900BB890F /* FBPostTests.m in Sources */,
			);
			runOnlyForDeploymentPostprocessing = 0;
		};
/* End PBXSourcesBuildPhase section */

/* Begin PBXTargetDependency section */
		E2876DCF19534A0900BB890F /* PBXTargetDependency */ = {
			isa = PBXTargetDependency;
			target = E2876DAD19534A0900BB890F /* FBPost */;
			targetProxy = E2876DCE19534A0900BB890F /* PBXContainerItemProxy */;
		};
/* End PBXTargetDependency section */

/* Begin PBXVariantGroup section */
		E2876DBA19534A0900BB890F /* InfoPlist.strings */ = {
			isa = PBXVariantGroup;
			children = (
				E2876DBB19534A0900BB890F /* en */,
			);
			name = InfoPlist.strings;
			sourceTree = "<group>";
		};
		E2876DD319534A0900BB890F /* InfoPlist.strings */ = {
			isa = PBXVariantGroup;
			children = (
				E2876DD419534A0900BB890F /* en */,
			);
			name = InfoPlist.strings;
			sourceTree = "<group>";
		};
/* End PBXVariantGroup section */

/* Begin XCBuildConfiguration section */
		E2876DD819534A0900BB890F /* Debug */ = {
			isa = XCBuildConfiguration;
			buildSettings = {
				ALWAYS_SEARCH_USER_PATHS = NO;
				CLANG_CXX_LANGUAGE_STANDARD = "gnu++0x";
				CLANG_CXX_LIBRARY = "libc++";
				CLANG_ENABLE_MODULES = YES;
				CLANG_ENABLE_OBJC_ARC = YES;
				CLANG_WARN_BOOL_CONVERSION = YES;
				CLANG_WARN_CONSTANT_CONVERSION = YES;
				CLANG_WARN_DIRECT_OBJC_ISA_USAGE = YES_ERROR;
				CLANG_WARN_EMPTY_BODY = YES;
				CLANG_WARN_ENUM_CONVERSION = YES;
				CLANG_WARN_INT_CONVERSION = YES;
				CLANG_WARN_OBJC_ROOT_CLASS = YES_ERROR;
				CLANG_WARN__DUPLICATE_METHOD_MATCH = YES;
				"CODE_SIGN_IDENTITY[sdk=iphoneos*]" = "iPhone Developer";
				COPY_PHASE_STRIP = NO;
				GCC_C_LANGUAGE_STANDARD = gnu99;
				GCC_DYNAMIC_NO_PIC = NO;
				GCC_OPTIMIZATION_LEVEL = 0;
				GCC_PREPROCESSOR_DEFINITIONS = (
					"DEBUG=1",
					"$(inherited)",
				);
				GCC_SYMBOLS_PRIVATE_EXTERN = NO;
				GCC_WARN_64_TO_32_BIT_CONVERSION = YES;
				GCC_WARN_ABOUT_RETURN_TYPE = YES_ERROR;
				GCC_WARN_UNDECLARED_SELECTOR = YES;
				GCC_WARN_UNINITIALIZED_AUTOS = YES_AGGRESSIVE;
				GCC_WARN_UNUSED_FUNCTION = YES;
				GCC_WARN_UNUSED_VARIABLE = YES;
				IPHONEOS_DEPLOYMENT_TARGET = 7.1;
				ONLY_ACTIVE_ARCH = YES;
				SDKROOT = iphoneos;
			};
			name = Debug;
		};
		E2876DD919534A0900BB890F /* Release */ = {
			isa = XCBuildConfiguration;
			buildSettings = {
				ALWAYS_SEARCH_USER_PATHS = NO;
				CLANG_CXX_LANGUAGE_STANDARD = "gnu++0x";
				CLANG_CXX_LIBRARY = "libc++";
				CLANG_ENABLE_MODULES = YES;
				CLANG_ENABLE_OBJC_ARC = YES;
				CLANG_WARN_BOOL_CONVERSION = YES;
				CLANG_WARN_CONSTANT_CONVERSION = YES;
				CLANG_WARN_DIRECT_OBJC_ISA_USAGE = YES_ERROR;
				CLANG_WARN_EMPTY_BODY = YES;
				CLANG_WARN_ENUM_CONVERSION = YES;
				CLANG_WARN_INT_CONVERSION = YES;
				CLANG_WARN_OBJC_ROOT_CLASS = YES_ERROR;
				CLANG_WARN__DUPLICATE_METHOD_MATCH = YES;
				"CODE_SIGN_IDENTITY[sdk=iphoneos*]" = "iPhone Developer";
				COPY_PHASE_STRIP = YES;
				ENABLE_NS_ASSERTIONS = NO;
				GCC_C_LANGUAGE_STANDARD = gnu99;
				GCC_WARN_64_TO_32_BIT_CONVERSION = YES;
				GCC_WARN_ABOUT_RETURN_TYPE = YES_ERROR;
				GCC_WARN_UNDECLARED_SELECTOR = YES;
				GCC_WARN_UNINITIALIZED_AUTOS = YES_AGGRESSIVE;
				GCC_WARN_UNUSED_FUNCTION = YES;
				GCC_WARN_UNUSED_VARIABLE = YES;
				IPHONEOS_DEPLOYMENT_TARGET = 7.1;
				SDKROOT = iphoneos;
				VALIDATE_PRODUCT = YES;
			};
			name = Release;
		};
		E2876DDB19534A0900BB890F /* Debug */ = {
			isa = XCBuildConfiguration;
			buildSettings = {
				ASSETCATALOG_COMPILER_APPICON_NAME = AppIcon;
				ASSETCATALOG_COMPILER_LAUNCHIMAGE_NAME = LaunchImage;
				GCC_PRECOMPILE_PREFIX_HEADER = YES;
				GCC_PREFIX_HEADER = "FBPost/FBPost-Prefix.pch";
				INFOPLIST_FILE = "FBPost/FBPost-Info.plist";
				IPHONEOS_DEPLOYMENT_TARGET = 6.0;
				PRODUCT_NAME = "$(TARGET_NAME)";
				WRAPPER_EXTENSION = app;
			};
			name = Debug;
		};
		E2876DDC19534A0900BB890F /* Release */ = {
			isa = XCBuildConfiguration;
			buildSettings = {
				ASSETCATALOG_COMPILER_APPICON_NAME = AppIcon;
				ASSETCATALOG_COMPILER_LAUNCHIMAGE_NAME = LaunchImage;
				GCC_PRECOMPILE_PREFIX_HEADER = YES;
				GCC_PREFIX_HEADER = "FBPost/FBPost-Prefix.pch";
				INFOPLIST_FILE = "FBPost/FBPost-Info.plist";
				IPHONEOS_DEPLOYMENT_TARGET = 6.0;
				PRODUCT_NAME = "$(TARGET_NAME)";
				WRAPPER_EXTENSION = app;
			};
			name = Release;
		};
		E2876DDE19534A0900BB890F /* Debug */ = {
			isa = XCBuildConfiguration;
			buildSettings = {
				BUNDLE_LOADER = "$(BUILT_PRODUCTS_DIR)/FBPost.app/FBPost";
				FRAMEWORK_SEARCH_PATHS = (
					"$(SDKROOT)/Developer/Library/Frameworks",
					"$(inherited)",
					"$(DEVELOPER_FRAMEWORKS_DIR)",
				);
				GCC_PRECOMPILE_PREFIX_HEADER = YES;
				GCC_PREFIX_HEADER = "FBPost/FBPost-Prefix.pch";
				GCC_PREPROCESSOR_DEFINITIONS = (
					"DEBUG=1",
					"$(inherited)",
				);
				INFOPLIST_FILE = "FBPostTests/FBPostTests-Info.plist";
				PRODUCT_NAME = "$(TARGET_NAME)";
				TEST_HOST = "$(BUNDLE_LOADER)";
				WRAPPER_EXTENSION = xctest;
			};
			name = Debug;
		};
		E2876DDF19534A0900BB890F /* Release */ = {
			isa = XCBuildConfiguration;
			buildSettings = {
				BUNDLE_LOADER = "$(BUILT_PRODUCTS_DIR)/FBPost.app/FBPost";
				FRAMEWORK_SEARCH_PATHS = (
					"$(SDKROOT)/Developer/Library/Frameworks",
					"$(inherited)",
					"$(DEVELOPER_FRAMEWORKS_DIR)",
				);
				GCC_PRECOMPILE_PREFIX_HEADER = YES;
				GCC_PREFIX_HEADER = "FBPost/FBPost-Prefix.pch";
				INFOPLIST_FILE = "FBPostTests/FBPostTests-Info.plist";
				PRODUCT_NAME = "$(TARGET_NAME)";
				TEST_HOST = "$(BUNDLE_LOADER)";
				WRAPPER_EXTENSION = xctest;
			};
			name = Release;
		};
/* End XCBuildConfiguration section */

/* Begin XCConfigurationList section */
		E2876DA919534A0900BB890F /* Build configuration list for PBXProject "FBPost" */ = {
			isa = XCConfigurationList;
			buildConfigurations = (
				E2876DD819534A0900BB890F /* Debug */,
				E2876DD919534A0900BB890F /* Release */,
			);
			defaultConfigurationIsVisible = 0;
			defaultConfigurationName = Release;
		};
		E2876DDA19534A0900BB890F /* Build configuration list for PBXNativeTarget "FBPost" */ = {
			isa = XCConfigurationList;
			buildConfigurations = (
				E2876DDB19534A0900BB890F /* Debug */,
				E2876DDC19534A0900BB890F /* Release */,
			);
			defaultConfigurationIsVisible = 0;
			defaultConfigurationName = Release;
		};
		E2876DDD19534A0900BB890F /* Build configuration list for PBXNativeTarget "FBPostTests" */ = {
			isa = XCConfigurationList;
			buildConfigurations = (
				E2876DDE19534A0900BB890F /* Debug */,
				E2876DDF19534A0900BB890F /* Release */,
			);
			defaultConfigurationIsVisible = 0;
			defaultConfigurationName = Release;
		};
/* End XCConfigurationList section */
	};
	rootObject = E2876DA619534A0900BB890F /* Project object */;
}
